// !$*UTF8*$!
{
	archiveVersion = 1;
	classes = {
	};
	objectVersion = 48;
	objects = {

/* Begin PBXBuildFile section */
		D6CF3EFB2057B12A0066A998 /* oneViewController.m in Sources */ = {isa = PBXBuildFile; fileRef = D6CF3EFA2057B12A0066A998 /* oneViewController.m */; };
		D6CF3EFE2057B2350066A998 /* TableViewController.m in Sources */ = {isa = PBXBuildFile; fileRef = D6CF3EFD2057B2350066A998 /* TableViewController.m */; };
		D6CF3F012057B78C0066A998 /* twoViewController.m in Sources */ = {isa = PBXBuildFile; fileRef = D6CF3F002057B78C0066A998 /* twoViewController.m */; };
		D6CF3F042057B7A50066A998 /* threeViewController.m in Sources */ = {isa = PBXBuildFile; fileRef = D6CF3F032057B7A50066A998 /* threeViewController.m */; };
		D6CF3F072057B7BB0066A998 /* FourViewController.m in Sources */ = {isa = PBXBuildFile; fileRef = D6CF3F062057B7BB0066A998 /* FourViewController.m */; };
		D6CF3F0A2057B7CF0066A998 /* FiveViewController.m in Sources */ = {isa = PBXBuildFile; fileRef = D6CF3F092057B7CF0066A998 /* FiveViewController.m */; };
		D6CF3F0D2057B7E10066A998 /* SixViewController.m in Sources */ = {isa = PBXBuildFile; fileRef = D6CF3F0C2057B7E10066A998 /* SixViewController.m */; };
		D6CF3F102057B8660066A998 /* SevenViewController.m in Sources */ = {isa = PBXBuildFile; fileRef = D6CF3F0F2057B8660066A998 /* SevenViewController.m */; };
		D6CF3F142057BC5E0066A998 /* Person.m in Sources */ = {isa = PBXBuildFile; fileRef = D6CF3F132057BC5E0066A998 /* Person.m */; };
		D6CF3F172057BEA10066A998 /* HGUser.m in Sources */ = {isa = PBXBuildFile; fileRef = D6CF3F162057BEA10066A998 /* HGUser.m */; };
		FA0052201F906324008839AA /* AppDelegate.m in Sources */ = {isa = PBXBuildFile; fileRef = FA00521F1F906324008839AA /* AppDelegate.m */; };
		FA0052231F906324008839AA /* ViewController.m in Sources */ = {isa = PBXBuildFile; fileRef = FA0052221F906324008839AA /* ViewController.m */; };
		FA0052261F906324008839AA /* Main.storyboard in Resources */ = {isa = PBXBuildFile; fileRef = FA0052241F906324008839AA /* Main.storyboard */; };
		FA0052281F906325008839AA /* Assets.xcassets in Resources */ = {isa = PBXBuildFile; fileRef = FA0052271F906325008839AA /* Assets.xcassets */; };
		FA00522B1F906325008839AA /* LaunchScreen.storyboard in Resources */ = {isa = PBXBuildFile; fileRef = FA0052291F906325008839AA /* LaunchScreen.storyboard */; };
		FA00522E1F906325008839AA /* main.m in Sources */ = {isa = PBXBuildFile; fileRef = FA00522D1F906325008839AA /* main.m */; };
		FA0052381F906325008839AA /* RuntimeTestTests.m in Sources */ = {isa = PBXBuildFile; fileRef = FA0052371F906325008839AA /* RuntimeTestTests.m */; };
		FA0052431F906325008839AA /* RuntimeTestUITests.m in Sources */ = {isa = PBXBuildFile; fileRef = FA0052421F906325008839AA /* RuntimeTestUITests.m */; };
		FA00525A1F908ADE008839AA /* NSObject+Model.m in Sources */ = {isa = PBXBuildFile; fileRef = FA0052591F908ADE008839AA /* NSObject+Model.m */; };
		FA00525D1F9095D8008839AA /* Model.m in Sources */ = {isa = PBXBuildFile; fileRef = FA00525C1F9095D8008839AA /* Model.m */; };
/* End PBXBuildFile section */

/* Begin PBXContainerItemProxy section */
		FA0052341F906325008839AA /* PBXContainerItemProxy */ = {
			isa = PBXContainerItemProxy;
			containerPortal = FA0052131F906324008839AA /* Project object */;
			proxyType = 1;
			remoteGlobalIDString = FA00521A1F906324008839AA;
			remoteInfo = RuntimeTest;
		};
		FA00523F1F906325008839AA /* PBXContainerItemProxy */ = {
			isa = PBXContainerItemProxy;
			containerPortal = FA0052131F906324008839AA /* Project object */;
			proxyType = 1;
			remoteGlobalIDString = FA00521A1F906324008839AA;
			remoteInfo = RuntimeTest;
		};
/* End PBXContainerItemProxy section */

/* Begin PBXFileReference section */
		D6CF3EF92057B12A0066A998 /* oneViewController.h */ = {isa = PBXFileReference; lastKnownFileType = sourcecode.c.h; path = oneViewController.h; sourceTree = "<group>"; };
		D6CF3EFA2057B12A0066A998 /* oneViewController.m */ = {isa = PBXFileReference; lastKnownFileType = sourcecode.c.objc; path = oneViewController.m; sourceTree = "<group>"; };
		D6CF3EFC2057B2350066A998 /* TableViewController.h */ = {isa = PBXFileReference; lastKnownFileType = sourcecode.c.h; path = TableViewController.h; sourceTree = "<group>"; };
		D6CF3EFD2057B2350066A998 /* TableViewController.m */ = {isa = PBXFileReference; lastKnownFileType = sourcecode.c.objc; path = TableViewController.m; sourceTree = "<group>"; };
		D6CF3EFF2057B78C0066A998 /* twoViewController.h */ = {isa = PBXFileReference; lastKnownFileType = sourcecode.c.h; path = twoViewController.h; sourceTree = "<group>"; };
		D6CF3F002057B78C0066A998 /* twoViewController.m */ = {isa = PBXFileReference; lastKnownFileType = sourcecode.c.objc; path = twoViewController.m; sourceTree = "<group>"; };
		D6CF3F022057B7A50066A998 /* threeViewController.h */ = {isa = PBXFileReference; lastKnownFileType = sourcecode.c.h; path = threeViewController.h; sourceTree = "<group>"; };
		D6CF3F032057B7A50066A998 /* threeViewController.m */ = {isa = PBXFileReference; lastKnownFileType = sourcecode.c.objc; path = threeViewController.m; sourceTree = "<group>"; };
		D6CF3F052057B7BB0066A998 /* FourViewController.h */ = {isa = PBXFileReference; lastKnownFileType = sourcecode.c.h; path = FourViewController.h; sourceTree = "<group>"; };
		D6CF3F062057B7BB0066A998 /* FourViewController.m */ = {isa = PBXFileReference; lastKnownFileType = sourcecode.c.objc; path = FourViewController.m; sourceTree = "<group>"; };
		D6CF3F082057B7CF0066A998 /* FiveViewController.h */ = {isa = PBXFileReference; lastKnownFileType = sourcecode.c.h; path = FiveViewController.h; sourceTree = "<group>"; };
		D6CF3F092057B7CF0066A998 /* FiveViewController.m */ = {isa = PBXFileReference; lastKnownFileType = sourcecode.c.objc; path = FiveViewController.m; sourceTree = "<group>"; };
		D6CF3F0B2057B7E10066A998 /* SixViewController.h */ = {isa = PBXFileReference; lastKnownFileType = sourcecode.c.h; path = SixViewController.h; sourceTree = "<group>"; };
		D6CF3F0C2057B7E10066A998 /* SixViewController.m */ = {isa = PBXFileReference; lastKnownFileType = sourcecode.c.objc; path = SixViewController.m; sourceTree = "<group>"; };
		D6CF3F0E2057B8660066A998 /* SevenViewController.h */ = {isa = PBXFileReference; lastKnownFileType = sourcecode.c.h; path = SevenViewController.h; sourceTree = "<group>"; };
		D6CF3F0F2057B8660066A998 /* SevenViewController.m */ = {isa = PBXFileReference; lastKnownFileType = sourcecode.c.objc; path = SevenViewController.m; sourceTree = "<group>"; };
		D6CF3F122057BC5E0066A998 /* Person.h */ = {isa = PBXFileReference; lastKnownFileType = sourcecode.c.h; path = Person.h; sourceTree = "<group>"; };
		D6CF3F132057BC5E0066A998 /* Person.m */ = {isa = PBXFileReference; lastKnownFileType = sourcecode.c.objc; path = Person.m; sourceTree = "<group>"; };
		D6CF3F152057BEA10066A998 /* HGUser.h */ = {isa = PBXFileReference; lastKnownFileType = sourcecode.c.h; path = HGUser.h; sourceTree = "<group>"; };
		D6CF3F162057BEA10066A998 /* HGUser.m */ = {isa = PBXFileReference; lastKnownFileType = sourcecode.c.objc; path = HGUser.m; sourceTree = "<group>"; };
		FA00521B1F906324008839AA /* RuntimeTest.app */ = {isa = PBXFileReference; explicitFileType = wrapper.application; includeInIndex = 0; path = RuntimeTest.app; sourceTree = BUILT_PRODUCTS_DIR; };
		FA00521E1F906324008839AA /* AppDelegate.h */ = {isa = PBXFileReference; lastKnownFileType = sourcecode.c.h; path = AppDelegate.h; sourceTree = "<group>"; };
		FA00521F1F906324008839AA /* AppDelegate.m */ = {isa = PBXFileReference; lastKnownFileType = sourcecode.c.objc; path = AppDelegate.m; sourceTree = "<group>"; };
		FA0052211F906324008839AA /* ViewController.h */ = {isa = PBXFileReference; lastKnownFileType = sourcecode.c.h; path = ViewController.h; sourceTree = "<group>"; };
		FA0052221F906324008839AA /* ViewController.m */ = {isa = PBXFileReference; lastKnownFileType = sourcecode.c.objc; path = ViewController.m; sourceTree = "<group>"; };
		FA0052251F906324008839AA /* Base */ = {isa = PBXFileReference; lastKnownFileType = file.storyboard; name = Base; path = Base.lproj/Main.storyboard; sourceTree = "<group>"; };
		FA0052271F906325008839AA /* Assets.xcassets */ = {isa = PBXFileReference; lastKnownFileType = folder.assetcatalog; path = Assets.xcassets; sourceTree = "<group>"; };
		FA00522A1F906325008839AA /* Base */ = {isa = PBXFileReference; lastKnownFileType = file.storyboard; name = Base; path = Base.lproj/LaunchScreen.storyboard; sourceTree = "<group>"; };
		FA00522C1F906325008839AA /* Info.plist */ = {isa = PBXFileReference; lastKnownFileType = text.plist.xml; path = Info.plist; sourceTree = "<group>"; };
		FA00522D1F906325008839AA /* main.m */ = {isa = PBXFileReference; lastKnownFileType = sourcecode.c.objc; path = main.m; sourceTree = "<group>"; };
		FA0052331F906325008839AA /* RuntimeTestTests.xctest */ = {isa = PBXFileReference; explicitFileType = wrapper.cfbundle; includeInIndex = 0; path = RuntimeTestTests.xctest; sourceTree = BUILT_PRODUCTS_DIR; };
		FA0052371F906325008839AA /* RuntimeTestTests.m */ = {isa = PBXFileReference; lastKnownFileType = sourcecode.c.objc; path = RuntimeTestTests.m; sourceTree = "<group>"; };
		FA0052391F906325008839AA /* Info.plist */ = {isa = PBXFileReference; lastKnownFileType = text.plist.xml; path = Info.plist; sourceTree = "<group>"; };
		FA00523E1F906325008839AA /* RuntimeTestUITests.xctest */ = {isa = PBXFileReference; explicitFileType = wrapper.cfbundle; includeInIndex = 0; path = RuntimeTestUITests.xctest; sourceTree = BUILT_PRODUCTS_DIR; };
		FA0052421F906325008839AA /* RuntimeTestUITests.m */ = {isa = PBXFileReference; lastKnownFileType = sourcecode.c.objc; path = RuntimeTestUITests.m; sourceTree = "<group>"; };
		FA0052441F906325008839AA /* Info.plist */ = {isa = PBXFileReference; lastKnownFileType = text.plist.xml; path = Info.plist; sourceTree = "<group>"; };
		FA0052581F908ADE008839AA /* NSObject+Model.h */ = {isa = PBXFileReference; lastKnownFileType = sourcecode.c.h; path = "NSObject+Model.h"; sourceTree = "<group>"; };
		FA0052591F908ADE008839AA /* NSObject+Model.m */ = {isa = PBXFileReference; lastKnownFileType = sourcecode.c.objc; path = "NSObject+Model.m"; sourceTree = "<group>"; };
		FA00525B1F9095D8008839AA /* Model.h */ = {isa = PBXFileReference; lastKnownFileType = sourcecode.c.h; path = Model.h; sourceTree = "<group>"; };
		FA00525C1F9095D8008839AA /* Model.m */ = {isa = PBXFileReference; lastKnownFileType = sourcecode.c.objc; path = Model.m; sourceTree = "<group>"; };
/* End PBXFileReference section */

/* Begin PBXFrameworksBuildPhase section */
		FA0052181F906324008839AA /* Frameworks */ = {
			isa = PBXFrameworksBuildPhase;
			buildActionMask = 2147483647;
			files = (
			);
			runOnlyForDeploymentPostprocessing = 0;
		};
		FA0052301F906325008839AA /* Frameworks */ = {
			isa = PBXFrameworksBuildPhase;
			buildActionMask = 2147483647;
			files = (
			);
			runOnlyForDeploymentPostprocessing = 0;
		};
		FA00523B1F906325008839AA /* Frameworks */ = {
			isa = PBXFrameworksBuildPhase;
			buildActionMask = 2147483647;
			files = (
			);
			runOnlyForDeploymentPostprocessing = 0;
		};
/* End PBXFrameworksBuildPhase section */

/* Begin PBXGroup section */
		D6CF3F112057BC220066A998 /* model */ = {
			isa = PBXGroup;
			children = (
				FA0052581F908ADE008839AA /* NSObject+Model.h */,
				FA0052591F908ADE008839AA /* NSObject+Model.m */,
				FA00525B1F9095D8008839AA /* Model.h */,
				FA00525C1F9095D8008839AA /* Model.m */,
				D6CF3F122057BC5E0066A998 /* Person.h */,
				D6CF3F132057BC5E0066A998 /* Person.m */,
				D6CF3F152057BEA10066A998 /* HGUser.h */,
				D6CF3F162057BEA10066A998 /* HGUser.m */,
			);
			path = model;
			sourceTree = "<group>";
		};
		FA0052121F906324008839AA = {
			isa = PBXGroup;
			children = (
				FA00521D1F906324008839AA /* RuntimeTest */,
				FA0052361F906325008839AA /* RuntimeTestTests */,
				FA0052411F906325008839AA /* RuntimeTestUITests */,
				FA00521C1F906324008839AA /* Products */,
			);
			sourceTree = "<group>";
		};
		FA00521C1F906324008839AA /* Products */ = {
			isa = PBXGroup;
			children = (
				FA00521B1F906324008839AA /* RuntimeTest.app */,
				FA0052331F906325008839AA /* RuntimeTestTests.xctest */,
				FA00523E1F906325008839AA /* RuntimeTestUITests.xctest */,
			);
			name = Products;
			sourceTree = "<group>";
		};
		FA00521D1F906324008839AA /* RuntimeTest */ = {
			isa = PBXGroup;
			children = (
				D6CF3F112057BC220066A998 /* model */,
				FA00521E1F906324008839AA /* AppDelegate.h */,
				FA00521F1F906324008839AA /* AppDelegate.m */,
				FA0052211F906324008839AA /* ViewController.h */,
				FA0052221F906324008839AA /* ViewController.m */,
				D6CF3EFC2057B2350066A998 /* TableViewController.h */,
				D6CF3EFD2057B2350066A998 /* TableViewController.m */,
				D6CF3EF92057B12A0066A998 /* oneViewController.h */,
				D6CF3EFA2057B12A0066A998 /* oneViewController.m */,
				D6CF3EFF2057B78C0066A998 /* twoViewController.h */,
				D6CF3F002057B78C0066A998 /* twoViewController.m */,
				D6CF3F022057B7A50066A998 /* threeViewController.h */,
				D6CF3F032057B7A50066A998 /* threeViewController.m */,
				D6CF3F052057B7BB0066A998 /* FourViewController.h */,
				D6CF3F062057B7BB0066A998 /* FourViewController.m */,
				D6CF3F082057B7CF0066A998 /* FiveViewController.h */,
				D6CF3F092057B7CF0066A998 /* FiveViewController.m */,
				D6CF3F0B2057B7E10066A998 /* SixViewController.h */,
				D6CF3F0C2057B7E10066A998 /* SixViewController.m */,
				D6CF3F0E2057B8660066A998 /* SevenViewController.h */,
				D6CF3F0F2057B8660066A998 /* SevenViewController.m */,
				FA0052241F906324008839AA /* Main.storyboard */,
				FA0052271F906325008839AA /* Assets.xcassets */,
				FA0052291F906325008839AA /* LaunchScreen.storyboard */,
				FA00522C1F906325008839AA /* Info.plist */,
				FA00522D1F906325008839AA /* main.m */,
			);
			path = RuntimeTest;
			sourceTree = "<group>";
		};
		FA0052361F906325008839AA /* RuntimeTestTests */ = {
			isa = PBXGroup;
			children = (
				FA0052371F906325008839AA /* RuntimeTestTests.m */,
				FA0052391F906325008839AA /* Info.plist */,
			);
			path = RuntimeTestTests;
			sourceTree = "<group>";
		};
		FA0052411F906325008839AA /* RuntimeTestUITests */ = {
			isa = PBXGroup;
			children = (
				FA0052421F906325008839AA /* RuntimeTestUITests.m */,
				FA0052441F906325008839AA /* Info.plist */,
			);
			path = RuntimeTestUITests;
			sourceTree = "<group>";
		};
/* End PBXGroup section */

/* Begin PBXNativeTarget section */
		FA00521A1F906324008839AA /* RuntimeTest */ = {
			isa = PBXNativeTarget;
			buildConfigurationList = FA0052471F906325008839AA /* Build configuration list for PBXNativeTarget "RuntimeTest" */;
			buildPhases = (
				FA0052171F906324008839AA /* Sources */,
				FA0052181F906324008839AA /* Frameworks */,
				FA0052191F906324008839AA /* Resources */,
			);
			buildRules = (
			);
			dependencies = (
			);
			name = RuntimeTest;
			productName = RuntimeTest;
			productReference = FA00521B1F906324008839AA /* RuntimeTest.app */;
			productType = "com.apple.product-type.application";
		};
		FA0052321F906325008839AA /* RuntimeTestTests */ = {
			isa = PBXNativeTarget;
			buildConfigurationList = FA00524A1F906325008839AA /* Build configuration list for PBXNativeTarget "RuntimeTestTests" */;
			buildPhases = (
				FA00522F1F906325008839AA /* Sources */,
				FA0052301F906325008839AA /* Frameworks */,
				FA0052311F906325008839AA /* Resources */,
			);
			buildRules = (
			);
			dependencies = (
				FA0052351F906325008839AA /* PBXTargetDependency */,
			);
			name = RuntimeTestTests;
			productName = RuntimeTestTests;
			productReference = FA0052331F906325008839AA /* RuntimeTestTests.xctest */;
			productType = "com.apple.product-type.bundle.unit-test";
		};
		FA00523D1F906325008839AA /* RuntimeTestUITests */ = {
			isa = PBXNativeTarget;
			buildConfigurationList = FA00524D1F906325008839AA /* Build configuration list for PBXNativeTarget "RuntimeTestUITests" */;
			buildPhases = (
				FA00523A1F906325008839AA /* Sources */,
				FA00523B1F906325008839AA /* Frameworks */,
				FA00523C1F906325008839AA /* Resources */,
			);
			buildRules = (
			);
			dependencies = (
				FA0052401F906325008839AA /* PBXTargetDependency */,
			);
			name = RuntimeTestUITests;
			productName = RuntimeTestUITests;
			productReference = FA00523E1F906325008839AA /* RuntimeTestUITests.xctest */;
			productType = "com.apple.product-type.bundle.ui-testing";
		};
/* End PBXNativeTarget section */

/* Begin PBXProject section */
		FA0052131F906324008839AA /* Project object */ = {
			isa = PBXProject;
			attributes = {
				LastUpgradeCheck = 0900;
				ORGANIZATIONNAME = "赵宏亚";
				TargetAttributes = {
					FA00521A1F906324008839AA = {
						CreatedOnToolsVersion = 9.0;
						ProvisioningStyle = Automatic;
					};
					FA0052321F906325008839AA = {
						CreatedOnToolsVersion = 9.0;
						ProvisioningStyle = Automatic;
						TestTargetID = FA00521A1F906324008839AA;
					};
					FA00523D1F906325008839AA = {
						CreatedOnToolsVersion = 9.0;
						ProvisioningStyle = Automatic;
						TestTargetID = FA00521A1F906324008839AA;
					};
				};
			};
			buildConfigurationList = FA0052161F906324008839AA /* Build configuration list for PBXProject "RuntimeTest" */;
			compatibilityVersion = "Xcode 8.0";
			developmentRegion = en;
			hasScannedForEncodings = 0;
			knownRegions = (
				en,
				Base,
			);
			mainGroup = FA0052121F906324008839AA;
			productRefGroup = FA00521C1F906324008839AA /* Products */;
			projectDirPath = "";
			projectRoot = "";
			targets = (
				FA00521A1F906324008839AA /* RuntimeTest */,
				FA0052321F906325008839AA /* RuntimeTestTests */,
				FA00523D1F906325008839AA /* RuntimeTestUITests */,
			);
		};
/* End PBXProject section */

/* Begin PBXResourcesBuildPhase section */
		FA0052191F906324008839AA /* Resources */ = {
			isa = PBXResourcesBuildPhase;
			buildActionMask = 2147483647;
			files = (
				FA00522B1F906325008839AA /* LaunchScreen.storyboard in Resources */,
				FA0052281F906325008839AA /* Assets.xcassets in Resources */,
				FA0052261F906324008839AA /* Main.storyboard in Resources */,
			);
			runOnlyForDeploymentPostprocessing = 0;
		};
		FA0052311F906325008839AA /* Resources */ = {
			isa = PBXResourcesBuildPhase;
			buildActionMask = 2147483647;
			files = (
			);
			runOnlyForDeploymentPostprocessing = 0;
		};
		FA00523C1F906325008839AA /* Resources */ = {
			isa = PBXResourcesBuildPhase;
			buildActionMask = 2147483647;
			files = (
			);
			runOnlyForDeploymentPostprocessing = 0;
		};
/* End PBXResourcesBuildPhase section */

/* Begin PBXSourcesBuildPhase section */
		FA0052171F906324008839AA /* Sources */ = {
			isa = PBXSourcesBuildPhase;
			buildActionMask = 2147483647;
			files = (
				FA0052231F906324008839AA /* ViewController.m in Sources */,
				D6CF3F0D2057B7E10066A998 /* SixViewController.m in Sources */,
				D6CF3F142057BC5E0066A998 /* Person.m in Sources */,
				FA00522E1F906325008839AA /* main.m in Sources */,
				D6CF3F172057BEA10066A998 /* HGUser.m in Sources */,
				D6CF3F072057B7BB0066A998 /* FourViewController.m in Sources */,
				D6CF3F102057B8660066A998 /* SevenViewController.m in Sources */,
				FA00525A1F908ADE008839AA /* NSObject+Model.m in Sources */,
				FA00525D1F9095D8008839AA /* Model.m in Sources */,
				FA0052201F906324008839AA /* AppDelegate.m in Sources */,
				D6CF3EFE2057B2350066A998 /* TableViewController.m in Sources */,
				D6CF3F042057B7A50066A998 /* threeViewController.m in Sources */,
				D6CF3F0A2057B7CF0066A998 /* FiveViewController.m in Sources */,
				D6CF3EFB2057B12A0066A998 /* oneViewController.m in Sources */,
				D6CF3F012057B78C0066A998 /* twoViewController.m in Sources */,
			);
			runOnlyForDeploymentPostprocessing = 0;
		};
		FA00522F1F906325008839AA /* Sources */ = {
			isa = PBXSourcesBuildPhase;
			buildActionMask = 2147483647;
			files = (
				FA0052381F906325008839AA /* RuntimeTestTests.m in Sources */,
			);
			runOnlyForDeploymentPostprocessing = 0;
		};
		FA00523A1F906325008839AA /* Sources */ = {
			isa = PBXSourcesBuildPhase;
			buildActionMask = 2147483647;
			files = (
				FA0052431F906325008839AA /* RuntimeTestUITests.m in Sources */,
			);
			runOnlyForDeploymentPostprocessing = 0;
		};
/* End PBXSourcesBuildPhase section */

/* Begin PBXTargetDependency section */
		FA0052351F906325008839AA /* PBXTargetDependency */ = {
			isa = PBXTargetDependency;
			target = FA00521A1F906324008839AA /* RuntimeTest */;
			targetProxy = FA0052341F906325008839AA /* PBXContainerItemProxy */;
		};
		FA0052401F906325008839AA /* PBXTargetDependency */ = {
			isa = PBXTargetDependency;
			target = FA00521A1F906324008839AA /* RuntimeTest */;
			targetProxy = FA00523F1F906325008839AA /* PBXContainerItemProxy */;
		};
/* End PBXTargetDependency section */

/* Begin PBXVariantGroup section */
		FA0052241F906324008839AA /* Main.storyboard */ = {
			isa = PBXVariantGroup;
			children = (
				FA0052251F906324008839AA /* Base */,
			);
			name = Main.storyboard;
			sourceTree = "<group>";
		};
		FA0052291F906325008839AA /* LaunchScreen.storyboard */ = {
			isa = PBXVariantGroup;
			children = (
				FA00522A1F906325008839AA /* Base */,
			);
			name = LaunchScreen.storyboard;
			sourceTree = "<group>";
		};
/* End PBXVariantGroup section */

/* Begin XCBuildConfiguration section */
		FA0052451F906325008839AA /* Debug */ = {
			isa = XCBuildConfiguration;
			buildSettings = {
				ALWAYS_SEARCH_USER_PATHS = NO;
				CLANG_ANALYZER_NONNULL = YES;
				CLANG_ANALYZER_NUMBER_OBJECT_CONVERSION = YES_AGGRESSIVE;
				CLANG_CXX_LANGUAGE_STANDARD = "gnu++14";
				CLANG_CXX_LIBRARY = "libc++";
				CLANG_ENABLE_MODULES = YES;
				CLANG_ENABLE_OBJC_ARC = YES;
				CLANG_WARN_BLOCK_CAPTURE_AUTORELEASING = YES;
				CLANG_WARN_BOOL_CONVERSION = YES;
				CLANG_WARN_COMMA = YES;
				CLANG_WARN_CONSTANT_CONVERSION = YES;
				CLANG_WARN_DIRECT_OBJC_ISA_USAGE = YES_ERROR;
				CLANG_WARN_DOCUMENTATION_COMMENTS = YES;
				CLANG_WARN_EMPTY_BODY = YES;
				CLANG_WARN_ENUM_CONVERSION = YES;
				CLANG_WARN_INFINITE_RECURSION = YES;
				CLANG_WARN_INT_CONVERSION = YES;
				CLANG_WARN_NON_LITERAL_NULL_CONVERSION = YES;
				CLANG_WARN_OBJC_LITERAL_CONVERSION = YES;
				CLANG_WARN_OBJC_ROOT_CLASS = YES_ERROR;
				CLANG_WARN_RANGE_LOOP_ANALYSIS = YES;
				CLANG_WARN_STRICT_PROTOTYPES = YES;
				CLANG_WARN_SUSPICIOUS_MOVE = YES;
				CLANG_WARN_UNGUARDED_AVAILABILITY = YES_AGGRESSIVE;
				CLANG_WARN_UNREACHABLE_CODE = YES;
				CLANG_WARN__DUPLICATE_METHOD_MATCH = YES;
				CODE_SIGN_IDENTITY = "iPhone Developer";
				COPY_PHASE_STRIP = NO;
				DEBUG_INFORMATION_FORMAT = dwarf;
				ENABLE_STRICT_OBJC_MSGSEND = YES;
				ENABLE_TESTABILITY = YES;
				GCC_C_LANGUAGE_STANDARD = gnu11;
				GCC_DYNAMIC_NO_PIC = NO;
				GCC_NO_COMMON_BLOCKS = YES;
				GCC_OPTIMIZATION_LEVEL = 0;
				GCC_PREPROCESSOR_DEFINITIONS = (
					"DEBUG=1",
					"$(inherited)",
				);
				GCC_WARN_64_TO_32_BIT_CONVERSION = YES;
				GCC_WARN_ABOUT_RETURN_TYPE = YES_ERROR;
				GCC_WARN_UNDECLARED_SELECTOR = YES;
				GCC_WARN_UNINITIALIZED_AUTOS = YES_AGGRESSIVE;
				GCC_WARN_UNUSED_FUNCTION = YES;
				GCC_WARN_UNUSED_VARIABLE = YES;
				IPHONEOS_DEPLOYMENT_TARGET = 11.0;
				MTL_ENABLE_DEBUG_INFO = YES;
				ONLY_ACTIVE_ARCH = YES;
				SDKROOT = iphoneos;
			};
			name = Debug;
		};
		FA0052461F906325008839AA /* Release */ = {
			isa = XCBuildConfiguration;
			buildSettings = {
				ALWAYS_SEARCH_USER_PATHS = NO;
				CLANG_ANALYZER_NONNULL = YES;
				CLANG_ANALYZER_NUMBER_OBJECT_CONVERSION = YES_AGGRESSIVE;
				CLANG_CXX_LANGUAGE_STANDARD = "gnu++14";
				CLANG_CXX_LIBRARY = "libc++";
				CLANG_ENABLE_MODULES = YES;
				CLANG_ENABLE_OBJC_ARC = YES;
				CLANG_WARN_BLOCK_CAPTURE_AUTORELEASING = YES;
				CLANG_WARN_BOOL_CONVERSION = YES;
				CLANG_WARN_COMMA = YES;
				CLANG_WARN_CONSTANT_CONVERSION = YES;
				CLANG_WARN_DIRECT_OBJC_ISA_USAGE = YES_ERROR;
				CLANG_WARN_DOCUMENTATION_COMMENTS = YES;
				CLANG_WARN_EMPTY_BODY = YES;
				CLANG_WARN_ENUM_CONVERSION = YES;
				CLANG_WARN_INFINITE_RECURSION = YES;
				CLANG_WARN_INT_CONVERSION = YES;
				CLANG_WARN_NON_LITERAL_NULL_CONVERSION = YES;
				CLANG_WARN_OBJC_LITERAL_CONVERSION = YES;
				CLANG_WARN_OBJC_ROOT_CLASS = YES_ERROR;
				CLANG_WARN_RANGE_LOOP_ANALYSIS = YES;
				CLANG_WARN_STRICT_PROTOTYPES = YES;
				CLANG_WARN_SUSPICIOUS_MOVE = YES;
				CLANG_WARN_UNGUARDED_AVAILABILITY = YES_AGGRESSIVE;
				CLANG_WARN_UNREACHABLE_CODE = YES;
				CLANG_WARN__DUPLICATE_METHOD_MATCH = YES;
				CODE_SIGN_IDENTITY = "iPhone Developer";
				COPY_PHASE_STRIP = NO;
				DEBUG_INFORMATION_FORMAT = "dwarf-with-dsym";
				ENABLE_NS_ASSERTIONS = NO;
				ENABLE_STRICT_OBJC_MSGSEND = YES;
				GCC_C_LANGUAGE_STANDARD = gnu11;
				GCC_NO_COMMON_BLOCKS = YES;
				GCC_WARN_64_TO_32_BIT_CONVERSION = YES;
				GCC_WARN_ABOUT_RETURN_TYPE = YES_ERROR;
				GCC_WARN_UNDECLARED_SELECTOR = YES;
				GCC_WARN_UNINITIALIZED_AUTOS = YES_AGGRESSIVE;
				GCC_WARN_UNUSED_FUNCTION = YES;
				GCC_WARN_UNUSED_VARIABLE = YES;
				IPHONEOS_DEPLOYMENT_TARGET = 11.0;
				MTL_ENABLE_DEBUG_INFO = NO;
				SDKROOT = iphoneos;
				VALIDATE_PRODUCT = YES;
			};
			name = Release;
		};
		FA0052481F906325008839AA /* Debug */ = {
			isa = XCBuildConfiguration;
			buildSettings = {
				ASSETCATALOG_COMPILER_APPICON_NAME = AppIcon;
				CODE_SIGN_STYLE = Automatic;
				INFOPLIST_FILE = RuntimeTest/Info.plist;
				LD_RUNPATH_SEARCH_PATHS = "$(inherited) @executable_path/Frameworks";
				PRODUCT_BUNDLE_IDENTIFIER = com.lvyouquan.RuntimeTest;
				PRODUCT_NAME = "$(TARGET_NAME)";
				TARGETED_DEVICE_FAMILY = "1,2";
			};
			name = Debug;
		};
		FA0052491F906325008839AA /* Release */ = {
			isa = XCBuildConfiguration;
			buildSettings = {
				ASSETCATALOG_COMPILER_APPICON_NAME = AppIcon;
				CODE_SIGN_STYLE = Automatic;
				INFOPLIST_FILE = RuntimeTest/Info.plist;
				LD_RUNPATH_SEARCH_PATHS = "$(inherited) @executable_path/Frameworks";
				PRODUCT_BUNDLE_IDENTIFIER = com.lvyouquan.RuntimeTest;
				PRODUCT_NAME = "$(TARGET_NAME)";
				TARGETED_DEVICE_FAMILY = "1,2";
			};
			name = Release;
		};
		FA00524B1F906325008839AA /* Debug */ = {
			isa = XCBuildConfiguration;
			buildSettings = {
				BUNDLE_LOADER = "$(TEST_HOST)";
				CODE_SIGN_STYLE = Automatic;
				INFOPLIST_FILE = RuntimeTestTests/Info.plist;
				LD_RUNPATH_SEARCH_PATHS = "$(inherited) @executable_path/Frameworks @loader_path/Frameworks";
				PRODUCT_BUNDLE_IDENTIFIER = com.lvyouquan.RuntimeTestTests;
				PRODUCT_NAME = "$(TARGET_NAME)";
				TARGETED_DEVICE_FAMILY = "1,2";
				TEST_HOST = "$(BUILT_PRODUCTS_DIR)/RuntimeTest.app/RuntimeTest";
			};
			name = Debug;
		};
		FA00524C1F906325008839AA /* Release */ = {
			isa = XCBuildConfiguration;
			buildSettings = {
				BUNDLE_LOADER = "$(TEST_HOST)";
				CODE_SIGN_STYLE = Automatic;
				INFOPLIST_FILE = RuntimeTestTests/Info.plist;
				LD_RUNPATH_SEARCH_PATHS = "$(inherited) @executable_path/Frameworks @loader_path/Frameworks";
				PRODUCT_BUNDLE_IDENTIFIER = com.lvyouquan.RuntimeTestTests;
				PRODUCT_NAME = "$(TARGET_NAME)";
				TARGETED_DEVICE_FAMILY = "1,2";
				TEST_HOST = "$(BUILT_PRODUCTS_DIR)/RuntimeTest.app/RuntimeTest";
			};
			name = Release;
		};
		FA00524E1F906325008839AA /* Debug */ = {
			isa = XCBuildConfiguration;
			buildSettings = {
				CODE_SIGN_STYLE = Automatic;
				INFOPLIST_FILE = RuntimeTestUITests/Info.plist;
				LD_RUNPATH_SEARCH_PATHS = "$(inherited) @executable_path/Frameworks @loader_path/Frameworks";
				PRODUCT_BUNDLE_IDENTIFIER = com.lvyouquan.RuntimeTestUITests;
				PRODUCT_NAME = "$(TARGET_NAME)";
				TARGETED_DEVICE_FAMILY = "1,2";
				TEST_TARGET_NAME = RuntimeTest;
			};
			name = Debug;
		};
		FA00524F1F906325008839AA /* Release */ = {
			isa = XCBuildConfiguration;
			buildSettings = {
				CODE_SIGN_STYLE = Automatic;
				INFOPLIST_FILE = RuntimeTestUITests/Info.plist;
				LD_RUNPATH_SEARCH_PATHS = "$(inherited) @executable_path/Frameworks @loader_path/Frameworks";
				PRODUCT_BUNDLE_IDENTIFIER = com.lvyouquan.RuntimeTestUITests;
				PRODUCT_NAME = "$(TARGET_NAME)";
				TARGETED_DEVICE_FAMILY = "1,2";
				TEST_TARGET_NAME = RuntimeTest;
			};
			name = Release;
		};
/* End XCBuildConfiguration section */

/* Begin XCConfigurationList section */
		FA0052161F906324008839AA /* Build configuration list for PBXProject "RuntimeTest" */ = {
			isa = XCConfigurationList;
			buildConfigurations = (
				FA0052451F906325008839AA /* Debug */,
				FA0052461F906325008839AA /* Release */,
			);
			defaultConfigurationIsVisible = 0;
			defaultConfigurationName = Release;
		};
		FA0052471F906325008839AA /* Build configuration list for PBXNativeTarget "RuntimeTest" */ = {
			isa = XCConfigurationList;
			buildConfigurations = (
				FA0052481F906325008839AA /* Debug */,
				FA0052491F906325008839AA /* Release */,
			);
			defaultConfigurationIsVisible = 0;
			defaultConfigurationName = Release;
		};
		FA00524A1F906325008839AA /* Build configuration list for PBXNativeTarget "RuntimeTestTests" */ = {
			isa = XCConfigurationList;
			buildConfigurations = (
				FA00524B1F906325008839AA /* Debug */,
				FA00524C1F906325008839AA /* Release */,
			);
			defaultConfigurationIsVisible = 0;
			defaultConfigurationName = Release;
		};
		FA00524D1F906325008839AA /* Build configuration list for PBXNativeTarget "RuntimeTestUITests" */ = {
			isa = XCConfigurationList;
			buildConfigurations = (
				FA00524E1F906325008839AA /* Debug */,
				FA00524F1F906325008839AA /* Release */,
			);
			defaultConfigurationIsVisible = 0;
			defaultConfigurationName = Release;
		};
/* End XCConfigurationList section */
	};
	rootObject = FA0052131F906324008839AA /* Project object */;
}
